
Microsoft Visual Studio Solution File, Format Version 12.00
# Visual Studio Version 17
VisualStudioVersion = 17.0.31903.59
MinimumVisualStudioVersion = 10.0.40219.1
Project("{FAE04EC0-301F-11D3-BF4B-00C04F79EFBC}") = "HelloWorldApp", "HelloWorldApp\HelloWorldApp.csproj", "{EEBAE98C-A73D-48BA-BE0E-A9A56CAB9183}"
EndProject
Project("{FAE04EC0-301F-11D3-BF4B-00C04F79EFBC}") = "HelloWorldApp.Tests", "HelloWorldApp.Tests\HelloWorldApp.Tests.csproj", "{2194ADDA-A9F4-48B9-8148-A498C96B44ED}"
EndProject
Global
	GlobalSection(SolutionConfigurationPlatforms) = preSolution
		Debug|Any CPU = Debug|Any CPU
		Release|Any CPU = Release|Any CPU
	EndGlobalSection
	GlobalSection(SolutionProperties) = preSolution
		HideSolutionNode = FALSE
	EndGlobalSection
	GlobalSection(ProjectConfigurationPlatforms) = postSolution
		{EEBAE98C-A73D-48BA-BE0E-A9A56CAB9183}.Debug|Any CPU.ActiveCfg = Debug|Any CPU
		{EEBAE98C-A73D-48BA-BE0E-A9A56CAB9183}.Debug|Any CPU.Build.0 = Debug|Any CPU
		{EEBAE98C-A73D-48BA-BE0E-A9A56CAB9183}.Release|Any CPU.ActiveCfg = Release|Any CPU
		{EEBAE98C-A73D-48BA-BE0E-A9A56CAB9183}.Release|Any CPU.Build.0 = Release|Any CPU
		{2194ADDA-A9F4-48B9-8148-A498C96B44ED}.Debug|Any CPU.ActiveCfg = Debug|Any CPU
		{2194ADDA-A9F4-48B9-8148-A498C96B44ED}.Debug|Any CPU.Build.0 = Debug|Any CPU
		{2194ADDA-A9F4-48B9-8148-A498C96B44ED}.Release|Any CPU.ActiveCfg = Release|Any CPU
		{2194ADDA-A9F4-48B9-8148-A498C96B44ED}.Release|Any CPU.Build.0 = Release|Any CPU
	EndGlobalSection
EndGlobal
